
Microsoft Visual Studio Solution File, Format Version 12.00
# Visual Studio Version 17
VisualStudioVersion = 17.0.31903.59
MinimumVisualStudioVersion = 10.0.40219.1
Project("{2150E333-8FDC-42A3-9474-1A3956D46DE8}") = "src", "src", "{90298D91-0E8B-42B4-AC0A-FBB37D6AF8C6}"
EndProject
Project("{FAE04EC0-301F-11D3-BF4B-00C04F79EFBC}") = "Domain", "Domain\Domain.csproj", "{D2597B5F-33C9-4571-A0C4-324888503064}"
EndProject
Project("{FAE04EC0-301F-11D3-BF4B-00C04F79EFBC}") = "Infrastructure", "Infrastructure\Infrastructure.csproj", "{B5C99FE2-3478-4269-95D1-EFBDF63C0FD4}"
EndProject
Project("{FAE04EC0-301F-11D3-BF4B-00C04F79EFBC}") = "API", "API\API.csproj", "{84328C86-C3B7-49AB-8D8B-9B286B9704CB}"
EndProject
Global
	GlobalSection(SolutionConfigurationPlatforms) = preSolution
		Debug|Any CPU = Debug|Any CPU
		Release|Any CPU = Release|Any CPU
	EndGlobalSection
	GlobalSection(ProjectConfigurationPlatforms) = postSolution
		{D2597B5F-33C9-4571-A0C4-324888503064}.Debug|Any CPU.ActiveCfg = Debug|Any CPU
		{D2597B5F-33C9-4571-A0C4-324888503064}.Debug|Any CPU.Build.0 = Debug|Any CPU
		{D2597B5F-33C9-4571-A0C4-324888503064}.Release|Any CPU.ActiveCfg = Release|Any CPU
		{D2597B5F-33C9-4571-A0C4-324888503064}.Release|Any CPU.Build.0 = Release|Any CPU
		{B5C99FE2-3478-4269-95D1-EFBDF63C0FD4}.Debug|Any CPU.ActiveCfg = Debug|Any CPU
		{B5C99FE2-3478-4269-95D1-EFBDF63C0FD4}.Debug|Any CPU.Build.0 = Debug|Any CPU
		{B5C99FE2-3478-4269-95D1-EFBDF63C0FD4}.Release|Any CPU.ActiveCfg = Release|Any CPU
		{B5C99FE2-3478-4269-95D1-EFBDF63C0FD4}.Release|Any CPU.Build.0 = Release|Any CPU
		{84328C86-C3B7-49AB-8D8B-9B286B9704CB}.Debug|Any CPU.ActiveCfg = Debug|Any CPU
		{84328C86-C3B7-49AB-8D8B-9B286B9704CB}.Debug|Any CPU.Build.0 = Debug|Any CPU
		{84328C86-C3B7-49AB-8D8B-9B286B9704CB}.Release|Any CPU.ActiveCfg = Release|Any CPU
		{84328C86-C3B7-49AB-8D8B-9B286B9704CB}.Release|Any CPU.Build.0 = Release|Any CPU
	EndGlobalSection
	GlobalSection(SolutionProperties) = preSolution
		HideSolutionNode = FALSE
	EndGlobalSection
	GlobalSection(NestedProjects) = preSolution
		{D2597B5F-33C9-4571-A0C4-324888503064} = {90298D91-0E8B-42B4-AC0A-FBB37D6AF8C6}
		{B5C99FE2-3478-4269-95D1-EFBDF63C0FD4} = {90298D91-0E8B-42B4-AC0A-FBB37D6AF8C6}
		{84328C86-C3B7-49AB-8D8B-9B286B9704CB} = {90298D91-0E8B-42B4-AC0A-FBB37D6AF8C6}
	EndGlobalSection
EndGlobal
